
Microsoft Visual Studio Solution File, Format Version 12.00
# Visual Studio 15
Project("{FAE04EC0-301F-11D3-BF4B-00C04F79EFBC}") = "Unity.Timeline", "Unity.Timeline.csproj", "{80BD6425-669D-804D-EC4F-4EB64F362F91}"
EndProject
Project("{FAE04EC0-301F-11D3-BF4B-00C04F79EFBC}") = "Unity.VisualScripting.Flow", "Unity.VisualScripting.Flow.csproj", "{289B6A2D-345B-A0A4-022B-84F87DCD9CD0}"
EndProject
Project("{FAE04EC0-301F-11D3-BF4B-00C04F79EFBC}") = "Unity.Timeline.Editor", "Unity.Timeline.Editor.csproj", "{F70E0A2F-F853-EC69-001A-A1AD53D30F3D}"
EndProject
Project("{FAE04EC0-301F-11D3-BF4B-00C04F79EFBC}") = "Unity.PlasticSCM.Editor", "Unity.PlasticSCM.Editor.csproj", "{FBC17063-C0A4-2ED0-F34D-E1045D4C25B3}"
EndProject
Project("{FAE04EC0-301F-11D3-BF4B-00C04F79EFBC}") = "Unity.VisualScripting.Core.Editor", "Unity.VisualScripting.Core.Editor.csproj", "{F4C437BB-57D2-E29A-4803-A89B9DD57D4F}"
EndProject
Project("{FAE04EC0-301F-11D3-BF4B-00C04F79EFBC}") = "UnityEditor.TestRunner", "UnityEditor.TestRunner.csproj", "{0FC61FA2-982F-2031-A475-7A1FFF5080D4}"
EndProject
Project("{FAE04EC0-301F-11D3-BF4B-00C04F79EFBC}") = "UnityEngine.TestRunner", "UnityEngine.TestRunner.csproj", "{EA7D917A-368E-775F-1082-3D953F7E1AED}"
EndProject
Project("{FAE04EC0-301F-11D3-BF4B-00C04F79EFBC}") = "Unity.VisualScripting.Core", "Unity.VisualScripting.Core.csproj", "{5D3E9186-DC03-79F2-BEF1-F8D21FAAE135}"
EndProject
Project("{FAE04EC0-301F-11D3-BF4B-00C04F79EFBC}") = "Unity.VisualScripting.Flow.Editor", "Unity.VisualScripting.Flow.Editor.csproj", "{D925A11D-5F92-B217-1AC7-E5318DD787C8}"
EndProject
Project("{FAE04EC0-301F-11D3-BF4B-00C04F79EFBC}") = "Unity.VisualStudio.Editor", "Unity.VisualStudio.Editor.csproj", "{2C7B2602-54D5-5DE0-E8A8-4F6ED555A635}"
EndProject
Project("{FAE04EC0-301F-11D3-BF4B-00C04F79EFBC}") = "Unity.AdaptivePerformance", "Unity.AdaptivePerformance.csproj", "{63A95EB3-DC99-4D12-A94B-CCD34F9DA058}"
EndProject
Project("{FAE04EC0-301F-11D3-BF4B-00C04F79EFBC}") = "Unity.Rider.Editor", "Unity.Rider.Editor.csproj", "{206369D7-8234-C195-4380-82097712FDE7}"
EndProject
Project("{FAE04EC0-301F-11D3-BF4B-00C04F79EFBC}") = "Unity.Notifications.Android", "Unity.Notifications.Android.csproj", "{BC6AE295-7CB4-937B-2DC5-FE1CF832383B}"
EndProject
Project("{FAE04EC0-301F-11D3-BF4B-00C04F79EFBC}") = "Unity.VisualScripting.State.Editor", "Unity.VisualScripting.State.Editor.csproj", "{E622A4E7-DE91-A9C5-0712-5A1806987BB6}"
EndProject
Project("{FAE04EC0-301F-11D3-BF4B-00C04F79EFBC}") = "Unity.VisualScripting.State", "Unity.VisualScripting.State.csproj", "{DD1A4047-859E-4E8B-FF98-B239715607D7}"
EndProject
Project("{FAE04EC0-301F-11D3-BF4B-00C04F79EFBC}") = "Unity.AdaptivePerformance.Editor", "Unity.AdaptivePerformance.Editor.csproj", "{2C1426E6-062C-F4B2-D3AF-7C8D6B1793EF}"
EndProject
Project("{FAE04EC0-301F-11D3-BF4B-00C04F79EFBC}") = "Unity.VisualScripting.SettingsProvider.Editor", "Unity.VisualScripting.SettingsProvider.Editor.csproj", "{45D09808-89D3-0E18-DD80-D792D044B565}"
EndProject
Project("{FAE04EC0-301F-11D3-BF4B-00C04F79EFBC}") = "Unity.Sysroot.Linux_x86_64", "Unity.Sysroot.Linux_x86_64.csproj", "{06AD9D79-12F1-CE72-79C2-A4692A9EB664}"
EndProject
Project("{FAE04EC0-301F-11D3-BF4B-00C04F79EFBC}") = "Unity.Mobile.AndroidLogcat.Editor", "Unity.Mobile.AndroidLogcat.Editor.csproj", "{86DA07FD-C347-53E3-29CF-48DD169E3C36}"
EndProject
Project("{FAE04EC0-301F-11D3-BF4B-00C04F79EFBC}") = "Unity.Notifications.iOS", "Unity.Notifications.iOS.csproj", "{B680A81B-BE1F-245C-5495-39558433FDAE}"
EndProject
Project("{FAE04EC0-301F-11D3-BF4B-00C04F79EFBC}") = "Unity.Notifications", "Unity.Notifications.csproj", "{E9AA57B0-0AE4-48E7-DB3D-02713E6579B7}"
EndProject
Project("{FAE04EC0-301F-11D3-BF4B-00C04F79EFBC}") = "Unity.AdaptivePerformance.UI.Editor", "Unity.AdaptivePerformance.UI.Editor.csproj", "{91D01009-EE84-33A8-140F-9D4B1342AF73}"
EndProject
Project("{FAE04EC0-301F-11D3-BF4B-00C04F79EFBC}") = "Unity.Notifications.Unified", "Unity.Notifications.Unified.csproj", "{0F8E0264-3737-0710-F134-3AC0EF5CB4F2}"
EndProject
Project("{FAE04EC0-301F-11D3-BF4B-00C04F79EFBC}") = "Assembly-CSharp", "Assembly-CSharp.csproj", "{6730092C-FDB3-2BA6-6A57-0E28C45047BF}"
EndProject
Project("{FAE04EC0-301F-11D3-BF4B-00C04F79EFBC}") = "Unity.SysrootPackage.Editor", "Unity.SysrootPackage.Editor.csproj", "{D14F4342-E49C-B204-6EA3-26AAFF45104D}"
EndProject
Project("{FAE04EC0-301F-11D3-BF4B-00C04F79EFBC}") = "Unity.VisualScripting.Shared.Editor", "Unity.VisualScripting.Shared.Editor.csproj", "{61FA4FEE-DEE6-58D3-C03C-65102B1B4148}"
EndProject
Project("{FAE04EC0-301F-11D3-BF4B-00C04F79EFBC}") = "Unity.Profiling.Core", "Unity.Profiling.Core.csproj", "{FEE98733-BD43-0E76-B3E6-E2DC858D37A4}"
EndProject
Project("{FAE04EC0-301F-11D3-BF4B-00C04F79EFBC}") = "Unity.Toolchain.Win-x86_64-Linux-x86_64", "Unity.Toolchain.Win-x86_64-Linux-x86_64.csproj", "{F1159406-F78E-0F4E-B249-B7A4A48D6C4A}"
EndProject
Project("{FAE04EC0-301F-11D3-BF4B-00C04F79EFBC}") = "Unity.AdaptivePerformance.Simulator.Editor", "Unity.AdaptivePerformance.Simulator.Editor.csproj", "{9B84E681-C24C-ED09-97CC-0C7B2FDAFA91}"
EndProject
Project("{FAE04EC0-301F-11D3-BF4B-00C04F79EFBC}") = "Unity.AdaptivePerformance.Profiler.Editor", "Unity.AdaptivePerformance.Profiler.Editor.csproj", "{FDD9A8FE-901C-EE3C-2FF3-C0E1F50057E6}"
EndProject
Project("{FAE04EC0-301F-11D3-BF4B-00C04F79EFBC}") = "Unity.AdaptivePerformance.Simulator.Extension", "Unity.AdaptivePerformance.Simulator.Extension.csproj", "{9344FE53-D2B7-4A77-F984-01D27137C282}"
EndProject
Project("{FAE04EC0-301F-11D3-BF4B-00C04F79EFBC}") = "Unity.CollabProxy.Editor", "Unity.CollabProxy.Editor.csproj", "{9603B02C-D8E5-8E72-AB6C-F6D4CE76A870}"
EndProject
Global
	GlobalSection(SolutionConfigurationPlatforms) = preSolution
		Debug|Any CPU = Debug|Any CPU
		Release|Any CPU = Release|Any CPU
	EndGlobalSection
	GlobalSection(ProjectConfigurationPlatforms) = postSolution
		{80BD6425-669D-804D-EC4F-4EB64F362F91}.Debug|Any CPU.ActiveCfg = Debug|Any CPU
		{80BD6425-669D-804D-EC4F-4EB64F362F91}.Debug|Any CPU.Build.0 = Debug|Any CPU
		{80BD6425-669D-804D-EC4F-4EB64F362F91}.Release|Any CPU.ActiveCfg = Release|Any CPU
		{80BD6425-669D-804D-EC4F-4EB64F362F91}.Release|Any CPU.Build.0 = Release|Any CPU
		{289B6A2D-345B-A0A4-022B-84F87DCD9CD0}.Debug|Any CPU.ActiveCfg = Debug|Any CPU
		{289B6A2D-345B-A0A4-022B-84F87DCD9CD0}.Debug|Any CPU.Build.0 = Debug|Any CPU
		{289B6A2D-345B-A0A4-022B-84F87DCD9CD0}.Release|Any CPU.ActiveCfg = Release|Any CPU
		{289B6A2D-345B-A0A4-022B-84F87DCD9CD0}.Release|Any CPU.Build.0 = Release|Any CPU
		{F70E0A2F-F853-EC69-001A-A1AD53D30F3D}.Debug|Any CPU.ActiveCfg = Debug|Any CPU
		{F70E0A2F-F853-EC69-001A-A1AD53D30F3D}.Debug|Any CPU.Build.0 = Debug|Any CPU
		{F70E0A2F-F853-EC69-001A-A1AD53D30F3D}.Release|Any CPU.ActiveCfg = Release|Any CPU
		{F70E0A2F-F853-EC69-001A-A1AD53D30F3D}.Release|Any CPU.Build.0 = Release|Any CPU
		{FBC17063-C0A4-2ED0-F34D-E1045D4C25B3}.Debug|Any CPU.ActiveCfg = Debug|Any CPU
		{FBC17063-C0A4-2ED0-F34D-E1045D4C25B3}.Debug|Any CPU.Build.0 = Debug|Any CPU
		{FBC17063-C0A4-2ED0-F34D-E1045D4C25B3}.Release|Any CPU.ActiveCfg = Release|Any CPU
		{FBC17063-C0A4-2ED0-F34D-E1045D4C25B3}.Release|Any CPU.Build.0 = Release|Any CPU
		{F4C437BB-57D2-E29A-4803-A89B9DD57D4F}.Debug|Any CPU.ActiveCfg = Debug|Any CPU
		{F4C437BB-57D2-E29A-4803-A89B9DD57D4F}.Debug|Any CPU.Build.0 = Debug|Any CPU
		{F4C437BB-57D2-E29A-4803-A89B9DD57D4F}.Release|Any CPU.ActiveCfg = Release|Any CPU
		{F4C437BB-57D2-E29A-4803-A89B9DD57D4F}.Release|Any CPU.Build.0 = Release|Any CPU
		{0FC61FA2-982F-2031-A475-7A1FFF5080D4}.Debug|Any CPU.ActiveCfg = Debug|Any CPU
		{0FC61FA2-982F-2031-A475-7A1FFF5080D4}.Debug|Any CPU.Build.0 = Debug|Any CPU
		{0FC61FA2-982F-2031-A475-7A1FFF5080D4}.Release|Any CPU.ActiveCfg = Release|Any CPU
		{0FC61FA2-982F-2031-A475-7A1FFF5080D4}.Release|Any CPU.Build.0 = Release|Any CPU
		{EA7D917A-368E-775F-1082-3D953F7E1AED}.Debug|Any CPU.ActiveCfg = Debug|Any CPU
		{EA7D917A-368E-775F-1082-3D953F7E1AED}.Debug|Any CPU.Build.0 = Debug|Any CPU
		{EA7D917A-368E-775F-1082-3D953F7E1AED}.Release|Any CPU.ActiveCfg = Release|Any CPU
		{EA7D917A-368E-775F-1082-3D953F7E1AED}.Release|Any CPU.Build.0 = Release|Any CPU
		{5D3E9186-DC03-79F2-BEF1-F8D21FAAE135}.Debug|Any CPU.ActiveCfg = Debug|Any CPU
		{5D3E9186-DC03-79F2-BEF1-F8D21FAAE135}.Debug|Any CPU.Build.0 = Debug|Any CPU
		{5D3E9186-DC03-79F2-BEF1-F8D21FAAE135}.Release|Any CPU.ActiveCfg = Release|Any CPU
		{5D3E9186-DC03-79F2-BEF1-F8D21FAAE135}.Release|Any CPU.Build.0 = Release|Any CPU
		{D925A11D-5F92-B217-1AC7-E5318DD787C8}.Debug|Any CPU.ActiveCfg = Debug|Any CPU
		{D925A11D-5F92-B217-1AC7-E5318DD787C8}.Debug|Any CPU.Build.0 = Debug|Any CPU
		{D925A11D-5F92-B217-1AC7-E5318DD787C8}.Release|Any CPU.ActiveCfg = Release|Any CPU
		{D925A11D-5F92-B217-1AC7-E5318DD787C8}.Release|Any CPU.Build.0 = Release|Any CPU
		{2C7B2602-54D5-5DE0-E8A8-4F6ED555A635}.Debug|Any CPU.ActiveCfg = Debug|Any CPU
		{2C7B2602-54D5-5DE0-E8A8-4F6ED555A635}.Debug|Any CPU.Build.0 = Debug|Any CPU
		{2C7B2602-54D5-5DE0-E8A8-4F6ED555A635}.Release|Any CPU.ActiveCfg = Release|Any CPU
		{2C7B2602-54D5-5DE0-E8A8-4F6ED555A635}.Release|Any CPU.Build.0 = Release|Any CPU
		{63A95EB3-DC99-4D12-A94B-CCD34F9DA058}.Debug|Any CPU.ActiveCfg = Debug|Any CPU
		{63A95EB3-DC99-4D12-A94B-CCD34F9DA058}.Debug|Any CPU.Build.0 = Debug|Any CPU
		{63A95EB3-DC99-4D12-A94B-CCD34F9DA058}.Release|Any CPU.ActiveCfg = Release|Any CPU
		{63A95EB3-DC99-4D12-A94B-CCD34F9DA058}.Release|Any CPU.Build.0 = Release|Any CPU
		{206369D7-8234-C195-4380-82097712FDE7}.Debug|Any CPU.ActiveCfg = Debug|Any CPU
		{206369D7-8234-C195-4380-82097712FDE7}.Debug|Any CPU.Build.0 = Debug|Any CPU
		{206369D7-8234-C195-4380-82097712FDE7}.Release|Any CPU.ActiveCfg = Release|Any CPU
		{206369D7-8234-C195-4380-82097712FDE7}.Release|Any CPU.Build.0 = Release|Any CPU
		{BC6AE295-7CB4-937B-2DC5-FE1CF832383B}.Debug|Any CPU.ActiveCfg = Debug|Any CPU
		{BC6AE295-7CB4-937B-2DC5-FE1CF832383B}.Debug|Any CPU.Build.0 = Debug|Any CPU
		{BC6AE295-7CB4-937B-2DC5-FE1CF832383B}.Release|Any CPU.ActiveCfg = Release|Any CPU
		{BC6AE295-7CB4-937B-2DC5-FE1CF832383B}.Release|Any CPU.Build.0 = Release|Any CPU
		{E622A4E7-DE91-A9C5-0712-5A1806987BB6}.Debug|Any CPU.ActiveCfg = Debug|Any CPU
		{E622A4E7-DE91-A9C5-0712-5A1806987BB6}.Debug|Any CPU.Build.0 = Debug|Any CPU
		{E622A4E7-DE91-A9C5-0712-5A1806987BB6}.Release|Any CPU.ActiveCfg = Release|Any CPU
		{E622A4E7-DE91-A9C5-0712-5A1806987BB6}.Release|Any CPU.Build.0 = Release|Any CPU
		{DD1A4047-859E-4E8B-FF98-B239715607D7}.Debug|Any CPU.ActiveCfg = Debug|Any CPU
		{DD1A4047-859E-4E8B-FF98-B239715607D7}.Debug|Any CPU.Build.0 = Debug|Any CPU
		{DD1A4047-859E-4E8B-FF98-B239715607D7}.Release|Any CPU.ActiveCfg = Release|Any CPU
		{DD1A4047-859E-4E8B-FF98-B239715607D7}.Release|Any CPU.Build.0 = Release|Any CPU
		{2C1426E6-062C-F4B2-D3AF-7C8D6B1793EF}.Debug|Any CPU.ActiveCfg = Debug|Any CPU
		{2C1426E6-062C-F4B2-D3AF-7C8D6B1793EF}.Debug|Any CPU.Build.0 = Debug|Any CPU
		{2C1426E6-062C-F4B2-D3AF-7C8D6B1793EF}.Release|Any CPU.ActiveCfg = Release|Any CPU
		{2C1426E6-062C-F4B2-D3AF-7C8D6B1793EF}.Release|Any CPU.Build.0 = Release|Any CPU
		{45D09808-89D3-0E18-DD80-D792D044B565}.Debug|Any CPU.ActiveCfg = Debug|Any CPU
		{45D09808-89D3-0E18-DD80-D792D044B565}.Debug|Any CPU.Build.0 = Debug|Any CPU
		{45D09808-89D3-0E18-DD80-D792D044B565}.Release|Any CPU.ActiveCfg = Release|Any CPU
		{45D09808-89D3-0E18-DD80-D792D044B565}.Release|Any CPU.Build.0 = Release|Any CPU
		{06AD9D79-12F1-CE72-79C2-A4692A9EB664}.Debug|Any CPU.ActiveCfg = Debug|Any CPU
		{06AD9D79-12F1-CE72-79C2-A4692A9EB664}.Debug|Any CPU.Build.0 = Debug|Any CPU
		{06AD9D79-12F1-CE72-79C2-A4692A9EB664}.Release|Any CPU.ActiveCfg = Release|Any CPU
		{06AD9D79-12F1-CE72-79C2-A4692A9EB664}.Release|Any CPU.Build.0 = Release|Any CPU
		{86DA07FD-C347-53E3-29CF-48DD169E3C36}.Debug|Any CPU.ActiveCfg = Debug|Any CPU
		{86DA07FD-C347-53E3-29CF-48DD169E3C36}.Debug|Any CPU.Build.0 = Debug|Any CPU
		{86DA07FD-C347-53E3-29CF-48DD169E3C36}.Release|Any CPU.ActiveCfg = Release|Any CPU
		{86DA07FD-C347-53E3-29CF-48DD169E3C36}.Release|Any CPU.Build.0 = Release|Any CPU
		{B680A81B-BE1F-245C-5495-39558433FDAE}.Debug|Any CPU.ActiveCfg = Debug|Any CPU
		{B680A81B-BE1F-245C-5495-39558433FDAE}.Debug|Any CPU.Build.0 = Debug|Any CPU
		{B680A81B-BE1F-245C-5495-39558433FDAE}.Release|Any CPU.ActiveCfg = Release|Any CPU
		{B680A81B-BE1F-245C-5495-39558433FDAE}.Release|Any CPU.Build.0 = Release|Any CPU
		{E9AA57B0-0AE4-48E7-DB3D-02713E6579B7}.Debug|Any CPU.ActiveCfg = Debug|Any CPU
		{E9AA57B0-0AE4-48E7-DB3D-02713E6579B7}.Debug|Any CPU.Build.0 = Debug|Any CPU
		{E9AA57B0-0AE4-48E7-DB3D-02713E6579B7}.Release|Any CPU.ActiveCfg = Release|Any CPU
		{E9AA57B0-0AE4-48E7-DB3D-02713E6579B7}.Release|Any CPU.Build.0 = Release|Any CPU
		{91D01009-EE84-33A8-140F-9D4B1342AF73}.Debug|Any CPU.ActiveCfg = Debug|Any CPU
		{91D01009-EE84-33A8-140F-9D4B1342AF73}.Debug|Any CPU.Build.0 = Debug|Any CPU
		{91D01009-EE84-33A8-140F-9D4B1342AF73}.Release|Any CPU.ActiveCfg = Release|Any CPU
		{91D01009-EE84-33A8-140F-9D4B1342AF73}.Release|Any CPU.Build.0 = Release|Any CPU
		{0F8E0264-3737-0710-F134-3AC0EF5CB4F2}.Debug|Any CPU.ActiveCfg = Debug|Any CPU
		{0F8E0264-3737-0710-F134-3AC0EF5CB4F2}.Debug|Any CPU.Build.0 = Debug|Any CPU
		{0F8E0264-3737-0710-F134-3AC0EF5CB4F2}.Release|Any CPU.ActiveCfg = Release|Any CPU
		{0F8E0264-3737-0710-F134-3AC0EF5CB4F2}.Release|Any CPU.Build.0 = Release|Any CPU
		{6730092C-FDB3-2BA6-6A57-0E28C45047BF}.Debug|Any CPU.ActiveCfg = Debug|Any CPU
		{6730092C-FDB3-2BA6-6A57-0E28C45047BF}.Debug|Any CPU.Build.0 = Debug|Any CPU
		{6730092C-FDB3-2BA6-6A57-0E28C45047BF}.Release|Any CPU.ActiveCfg = Release|Any CPU
		{6730092C-FDB3-2BA6-6A57-0E28C45047BF}.Release|Any CPU.Build.0 = Release|Any CPU
		{D14F4342-E49C-B204-6EA3-26AAFF45104D}.Debug|Any CPU.ActiveCfg = Debug|Any CPU
		{D14F4342-E49C-B204-6EA3-26AAFF45104D}.Debug|Any CPU.Build.0 = Debug|Any CPU
		{D14F4342-E49C-B204-6EA3-26AAFF45104D}.Release|Any CPU.ActiveCfg = Release|Any CPU
		{D14F4342-E49C-B204-6EA3-26AAFF45104D}.Release|Any CPU.Build.0 = Release|Any CPU
		{61FA4FEE-DEE6-58D3-C03C-65102B1B4148}.Debug|Any CPU.ActiveCfg = Debug|Any CPU
		{61FA4FEE-DEE6-58D3-C03C-65102B1B4148}.Debug|Any CPU.Build.0 = Debug|Any CPU
		{61FA4FEE-DEE6-58D3-C03C-65102B1B4148}.Release|Any CPU.ActiveCfg = Release|Any CPU
		{61FA4FEE-DEE6-58D3-C03C-65102B1B4148}.Release|Any CPU.Build.0 = Release|Any CPU
		{FEE98733-BD43-0E76-B3E6-E2DC858D37A4}.Debug|Any CPU.ActiveCfg = Debug|Any CPU
		{FEE98733-BD43-0E76-B3E6-E2DC858D37A4}.Debug|Any CPU.Build.0 = Debug|Any CPU
		{FEE98733-BD43-0E76-B3E6-E2DC858D37A4}.Release|Any CPU.ActiveCfg = Release|Any CPU
		{FEE98733-BD43-0E76-B3E6-E2DC858D37A4}.Release|Any CPU.Build.0 = Release|Any CPU
		{F1159406-F78E-0F4E-B249-B7A4A48D6C4A}.Debug|Any CPU.ActiveCfg = Debug|Any CPU
		{F1159406-F78E-0F4E-B249-B7A4A48D6C4A}.Debug|Any CPU.Build.0 = Debug|Any CPU
		{F1159406-F78E-0F4E-B249-B7A4A48D6C4A}.Release|Any CPU.ActiveCfg = Release|Any CPU
		{F1159406-F78E-0F4E-B249-B7A4A48D6C4A}.Release|Any CPU.Build.0 = Release|Any CPU
		{9B84E681-C24C-ED09-97CC-0C7B2FDAFA91}.Debug|Any CPU.ActiveCfg = Debug|Any CPU
		{9B84E681-C24C-ED09-97CC-0C7B2FDAFA91}.Debug|Any CPU.Build.0 = Debug|Any CPU
		{9B84E681-C24C-ED09-97CC-0C7B2FDAFA91}.Release|Any CPU.ActiveCfg = Release|Any CPU
		{9B84E681-C24C-ED09-97CC-0C7B2FDAFA91}.Release|Any CPU.Build.0 = Release|Any CPU
		{FDD9A8FE-901C-EE3C-2FF3-C0E1F50057E6}.Debug|Any CPU.ActiveCfg = Debug|Any CPU
		{FDD9A8FE-901C-EE3C-2FF3-C0E1F50057E6}.Debug|Any CPU.Build.0 = Debug|Any CPU
		{FDD9A8FE-901C-EE3C-2FF3-C0E1F50057E6}.Release|Any CPU.ActiveCfg = Release|Any CPU
		{FDD9A8FE-901C-EE3C-2FF3-C0E1F50057E6}.Release|Any CPU.Build.0 = Release|Any CPU
		{9344FE53-D2B7-4A77-F984-01D27137C282}.Debug|Any CPU.ActiveCfg = Debug|Any CPU
		{9344FE53-D2B7-4A77-F984-01D27137C282}.Debug|Any CPU.Build.0 = Debug|Any CPU
		{9344FE53-D2B7-4A77-F984-01D27137C282}.Release|Any CPU.ActiveCfg = Release|Any CPU
		{9344FE53-D2B7-4A77-F984-01D27137C282}.Release|Any CPU.Build.0 = Release|Any CPU
		{9603B02C-D8E5-8E72-AB6C-F6D4CE76A870}.Debug|Any CPU.ActiveCfg = Debug|Any CPU
		{9603B02C-D8E5-8E72-AB6C-F6D4CE76A870}.Debug|Any CPU.Build.0 = Debug|Any CPU
		{9603B02C-D8E5-8E72-AB6C-F6D4CE76A870}.Release|Any CPU.ActiveCfg = Release|Any CPU
		{9603B02C-D8E5-8E72-AB6C-F6D4CE76A870}.Release|Any CPU.Build.0 = Release|Any CPU
	EndGlobalSection
	GlobalSection(SolutionProperties) = preSolution
		HideSolutionNode = FALSE
	EndGlobalSection
EndGlobal
